
Microsoft Visual Studio Solution File, Format Version 12.00
# Visual Studio Version 16
VisualStudioVersion = 16.0.28803.202
MinimumVisualStudioVersion = 10.0.40219.1
Project("{FAE04EC0-301F-11D3-BF4B-00C04F79EFBC}") = "Brewmaster.Alcohol.Mvc", "Brewmaster.Alcohol.Mvc\Brewmaster.Alcohol.Mvc.csproj", "{0A4DEFB5-29B2-4990-BEB8-1F7D08906587}"
EndProject
Project("{9A19103F-16F7-4668-BE54-9A1E7A4F7556}") = "CommonCache", "C:\Users\Public\Nwt\cache\recv\张黎锋\MvcCoreApiDemo\CommonCache\CommonCache.csproj", "{C9C4AF93-8442-48C7-A113-AA1C592BB136}"
EndProject
Global
	GlobalSection(SolutionConfigurationPlatforms) = preSolution
		Debug|Any CPU = Debug|Any CPU
		Release|Any CPU = Release|Any CPU
	EndGlobalSection
	GlobalSection(ProjectConfigurationPlatforms) = postSolution
		{0A4DEFB5-29B2-4990-BEB8-1F7D08906587}.Debug|Any CPU.ActiveCfg = Debug|Any CPU
		{0A4DEFB5-29B2-4990-BEB8-1F7D08906587}.Debug|Any CPU.Build.0 = Debug|Any CPU
		{0A4DEFB5-29B2-4990-BEB8-1F7D08906587}.Release|Any CPU.ActiveCfg = Release|Any CPU
		{0A4DEFB5-29B2-4990-BEB8-1F7D08906587}.Release|Any CPU.Build.0 = Release|Any CPU
		{C9C4AF93-8442-48C7-A113-AA1C592BB136}.Debug|Any CPU.ActiveCfg = Debug|Any CPU
		{C9C4AF93-8442-48C7-A113-AA1C592BB136}.Debug|Any CPU.Build.0 = Debug|Any CPU
		{C9C4AF93-8442-48C7-A113-AA1C592BB136}.Release|Any CPU.ActiveCfg = Release|Any CPU
		{C9C4AF93-8442-48C7-A113-AA1C592BB136}.Release|Any CPU.Build.0 = Release|Any CPU
	EndGlobalSection
	GlobalSection(SolutionProperties) = preSolution
		HideSolutionNode = FALSE
	EndGlobalSection
	GlobalSection(ExtensibilityGlobals) = postSolution
		SolutionGuid = {CE4669AA-6F0B-47A3-B0B9-771CC0CFEE9C}
	EndGlobalSection
EndGlobal
