
Microsoft Visual Studio Solution File, Format Version 12.00
# Visual Studio 15
VisualStudioVersion = 15.0.28307.106
MinimumVisualStudioVersion = 10.0.40219.1
Project("{FAE04EC0-301F-11D3-BF4B-00C04F79EFBC}") = "Brewmaster.Alcohol.Api", "Brewmaster.Alcohol.Api\Brewmaster.Alcohol.Api.csproj", "{293A7413-47A4-49F9-8605-D696C0FA0B91}"
EndProject
Project("{FAE04EC0-301F-11D3-BF4B-00C04F79EFBC}") = "Brewmaster.Alcohol.Common", "Brewmaster.Alcohol.Common\Brewmaster.Alcohol.Common.csproj", "{51ADD394-A9AD-4877-991F-E034FDC812EC}"
EndProject
Project("{FAE04EC0-301F-11D3-BF4B-00C04F79EFBC}") = "Brewmaster.Alcohol.Catch", "Brewmaster.Alcohol.Catch\Brewmaster.Alcohol.Catch.csproj", "{A2BB258B-CC09-4541-878F-B2ED99647FA5}"
EndProject
Project("{FAE04EC0-301F-11D3-BF4B-00C04F79EFBC}") = "Brewmaster.Alcohol.IRepository", "Brewmaster.Alcohol.IRepository\Brewmaster.Alcohol.IRepository.csproj", "{A160A333-E654-4B9D-812A-7257F4B1D9D7}"
EndProject
Project("{FAE04EC0-301F-11D3-BF4B-00C04F79EFBC}") = "Brewmaster.Alcohol.Repository", "Brewmaster.Alcohol.Repository\Brewmaster.Alcohol.Repository.csproj", "{EFF9A44A-D1D2-4894-BABA-C7378ED87EED}"
EndProject
Project("{FAE04EC0-301F-11D3-BF4B-00C04F79EFBC}") = "Brewmaster.Alcohol.Model", "Brewmaster.Alcohol.Model\Brewmaster.Alcohol.Model.csproj", "{1D45E12F-ED59-4FEB-A098-A8FFA961E259}"
EndProject
Global
	GlobalSection(SolutionConfigurationPlatforms) = preSolution
		Debug|Any CPU = Debug|Any CPU
		Release|Any CPU = Release|Any CPU
	EndGlobalSection
	GlobalSection(ProjectConfigurationPlatforms) = postSolution
		{293A7413-47A4-49F9-8605-D696C0FA0B91}.Debug|Any CPU.ActiveCfg = Debug|Any CPU
		{293A7413-47A4-49F9-8605-D696C0FA0B91}.Debug|Any CPU.Build.0 = Debug|Any CPU
		{293A7413-47A4-49F9-8605-D696C0FA0B91}.Release|Any CPU.ActiveCfg = Release|Any CPU
		{293A7413-47A4-49F9-8605-D696C0FA0B91}.Release|Any CPU.Build.0 = Release|Any CPU
		{51ADD394-A9AD-4877-991F-E034FDC812EC}.Debug|Any CPU.ActiveCfg = Debug|Any CPU
		{51ADD394-A9AD-4877-991F-E034FDC812EC}.Debug|Any CPU.Build.0 = Debug|Any CPU
		{51ADD394-A9AD-4877-991F-E034FDC812EC}.Release|Any CPU.ActiveCfg = Release|Any CPU
		{51ADD394-A9AD-4877-991F-E034FDC812EC}.Release|Any CPU.Build.0 = Release|Any CPU
		{A2BB258B-CC09-4541-878F-B2ED99647FA5}.Debug|Any CPU.ActiveCfg = Debug|Any CPU
		{A2BB258B-CC09-4541-878F-B2ED99647FA5}.Debug|Any CPU.Build.0 = Debug|Any CPU
		{A2BB258B-CC09-4541-878F-B2ED99647FA5}.Release|Any CPU.ActiveCfg = Release|Any CPU
		{A2BB258B-CC09-4541-878F-B2ED99647FA5}.Release|Any CPU.Build.0 = Release|Any CPU
		{A160A333-E654-4B9D-812A-7257F4B1D9D7}.Debug|Any CPU.ActiveCfg = Debug|Any CPU
		{A160A333-E654-4B9D-812A-7257F4B1D9D7}.Debug|Any CPU.Build.0 = Debug|Any CPU
		{A160A333-E654-4B9D-812A-7257F4B1D9D7}.Release|Any CPU.ActiveCfg = Release|Any CPU
		{A160A333-E654-4B9D-812A-7257F4B1D9D7}.Release|Any CPU.Build.0 = Release|Any CPU
		{EFF9A44A-D1D2-4894-BABA-C7378ED87EED}.Debug|Any CPU.ActiveCfg = Debug|Any CPU
		{EFF9A44A-D1D2-4894-BABA-C7378ED87EED}.Debug|Any CPU.Build.0 = Debug|Any CPU
		{EFF9A44A-D1D2-4894-BABA-C7378ED87EED}.Release|Any CPU.ActiveCfg = Release|Any CPU
		{EFF9A44A-D1D2-4894-BABA-C7378ED87EED}.Release|Any CPU.Build.0 = Release|Any CPU
		{1D45E12F-ED59-4FEB-A098-A8FFA961E259}.Debug|Any CPU.ActiveCfg = Debug|Any CPU
		{1D45E12F-ED59-4FEB-A098-A8FFA961E259}.Debug|Any CPU.Build.0 = Debug|Any CPU
		{1D45E12F-ED59-4FEB-A098-A8FFA961E259}.Release|Any CPU.ActiveCfg = Release|Any CPU
		{1D45E12F-ED59-4FEB-A098-A8FFA961E259}.Release|Any CPU.Build.0 = Release|Any CPU
	EndGlobalSection
	GlobalSection(SolutionProperties) = preSolution
		HideSolutionNode = FALSE
	EndGlobalSection
	GlobalSection(ExtensibilityGlobals) = postSolution
		SolutionGuid = {B947ABDC-AD80-4797-9970-3E99BC21FED4}
	EndGlobalSection
EndGlobal
