
Microsoft Visual Studio Solution File, Format Version 12.00
# Visual Studio 15
VisualStudioVersion = 15.0.28307.705
MinimumVisualStudioVersion = 10.0.40219.1
Project("{9A19103F-16F7-4668-BE54-9A1E7A4F7556}") = "Brewmaster.Alcohol.Back", "Brewmaster.Alcohol.Back\Brewmaster.Alcohol.Back.csproj", "{22D40626-429A-4807-8C5E-5295CDB5770A}"
EndProject
Project("{FAE04EC0-301F-11D3-BF4B-00C04F79EFBC}") = "Brewmaster.Alcohol.Cache", "Brewmaster.Alcohol.Cache\Brewmaster.Alcohol.Cache.csproj", "{B7B7CB8F-4B77-4895-B63F-0C0D746C6291}"
EndProject
Global
	GlobalSection(SolutionConfigurationPlatforms) = preSolution
		Debug|Any CPU = Debug|Any CPU
		Release|Any CPU = Release|Any CPU
	EndGlobalSection
	GlobalSection(ProjectConfigurationPlatforms) = postSolution
		{22D40626-429A-4807-8C5E-5295CDB5770A}.Debug|Any CPU.ActiveCfg = Debug|Any CPU
		{22D40626-429A-4807-8C5E-5295CDB5770A}.Debug|Any CPU.Build.0 = Debug|Any CPU
		{22D40626-429A-4807-8C5E-5295CDB5770A}.Release|Any CPU.ActiveCfg = Release|Any CPU
		{22D40626-429A-4807-8C5E-5295CDB5770A}.Release|Any CPU.Build.0 = Release|Any CPU
		{B7B7CB8F-4B77-4895-B63F-0C0D746C6291}.Debug|Any CPU.ActiveCfg = Debug|Any CPU
		{B7B7CB8F-4B77-4895-B63F-0C0D746C6291}.Debug|Any CPU.Build.0 = Debug|Any CPU
		{B7B7CB8F-4B77-4895-B63F-0C0D746C6291}.Release|Any CPU.ActiveCfg = Release|Any CPU
		{B7B7CB8F-4B77-4895-B63F-0C0D746C6291}.Release|Any CPU.Build.0 = Release|Any CPU
	EndGlobalSection
	GlobalSection(SolutionProperties) = preSolution
		HideSolutionNode = FALSE
	EndGlobalSection
	GlobalSection(ExtensibilityGlobals) = postSolution
		SolutionGuid = {F969503D-F2AF-433C-93D0-DCF8A50C03A3}
	EndGlobalSection
EndGlobal
